
Microsoft Visual Studio Solution File, Format Version 12.00
# Visual Studio 14
VisualStudioVersion = 14.0.25420.1
MinimumVisualStudioVersion = 10.0.40219.1
Project("{FAE04EC0-301F-11D3-BF4B-00C04F79EFBC}") = "ImageViewer", "ImageViewer\ImageViewer.csproj", "{042D49F0-C672-4523-A21F-E7EB8355B9DD}"
EndProject
Global
	GlobalSection(SolutionConfigurationPlatforms) = preSolution
		Debug|Any CPU = Debug|Any CPU
		Release|Any CPU = Release|Any CPU
	EndGlobalSection
	GlobalSection(ProjectConfigurationPlatforms) = postSolution
		{042D49F0-C672-4523-A21F-E7EB8355B9DD}.Debug|Any CPU.ActiveCfg = Debug|Any CPU
		{042D49F0-C672-4523-A21F-E7EB8355B9DD}.Debug|Any CPU.Build.0 = Debug|Any CPU
		{042D49F0-C672-4523-A21F-E7EB8355B9DD}.Release|Any CPU.ActiveCfg = Release|Any CPU
		{042D49F0-C672-4523-A21F-E7EB8355B9DD}.Release|Any CPU.Build.0 = Release|Any CPU
	EndGlobalSection
	GlobalSection(SolutionProperties) = preSolution
		HideSolutionNode = FALSE
	EndGlobalSection
EndGlobal
